{
  "name": "3",
  "lockfileVersion": 3,
  "requires": true,
  "packages": {
    "": {
      "dependencies": {
        "butterchurn": "^2.6.7"
      }
    },
    "node_modules/@babel/runtime": {
      "version": "7.29.7",
      "resolved": "https://registry.npmjs.org/@babel/runtime/-/runtime-7.29.7.tgz",
      "integrity": "sha512-Nq8OhGWiZIZGV6hLHoyAKLLcJihP/xFeBMGJoUrxTX2psI8dCifzLhZISFb+VWS3wFMRDmCGw5R+dOySCqPLhw==",
      "license": "MIT",
      "engines": {
        "node": ">=6.9.0"
      }
    },
    "node_modules/butterchurn": {
      "version": "2.6.7",
      "resolved": "https://registry.npmjs.org/butterchurn/-/butterchurn-2.6.7.tgz",
      "integrity": "sha512-BJiRA8L0L2+84uoG2SSfkp0kclBuN+vQKf217pK7pMlwEO2ZEg3MtO2/o+l8Qpr8Nbejg8tmL1ZHD1jmhiaaqg==",
      "license": "MIT",
      "dependencies": {
        "@babel/runtime": "^7.0.0",
        "ecma-proposal-math-extensions": "0.0.2"
      }
    },
    "node_modules/ecma-proposal-math-extensions": {
      "version": "0.0.2",
      "resolved": "https://registry.npmjs.org/ecma-proposal-math-extensions/-/ecma-proposal-math-extensions-0.0.2.tgz",
      "integrity": "sha512-80BnDp2Fn7RxXlEr5HHZblniY4aQ97MOAicdWWpSo0vkQiISSE9wLR4SqxKsu4gCtXFBIPPzy8JMhay4NWRg/Q==",
      "license": "MIT"
    }
  }
}
