{
  "name": "3",
  "lockfileVersion": 3,
  "requires": true,
  "packages": {
    "": {
      "dependencies": {
        "butterchurn": "^2.6.7",
        "milkdrop-preset-converter": "^0.1.2",
        "milkdrop-preset-utils": "^0.2.1"
      },
      "devDependencies": {
        "playwright": "^1.60.0"
      }
    },
    "node_modules/@babel/runtime": {
      "version": "7.29.7",
      "resolved": "https://registry.npmjs.org/@babel/runtime/-/runtime-7.29.7.tgz",
      "integrity": "sha512-Nq8OhGWiZIZGV6hLHoyAKLLcJihP/xFeBMGJoUrxTX2psI8dCifzLhZISFb+VWS3wFMRDmCGw5R+dOySCqPLhw==",
      "license": "MIT",
      "engines": {
        "node": ">=6.9.0"
      }
    },
    "node_modules/babel-runtime": {
      "version": "6.26.0",
      "resolved": "https://registry.npmjs.org/babel-runtime/-/babel-runtime-6.26.0.tgz",
      "integrity": "sha512-ITKNuq2wKlW1fJg9sSW52eepoYgZBggvOAHC0u/CYu/qxQ9EVzThCgR69BnSXLHjy2f7SY5zaQ4yt7H9ZVxY2g==",
      "license": "MIT",
      "dependencies": {
        "core-js": "^2.4.0",
        "regenerator-runtime": "^0.11.0"
      }
    },
    "node_modules/butterchurn": {
      "version": "2.6.7",
      "resolved": "https://registry.npmjs.org/butterchurn/-/butterchurn-2.6.7.tgz",
      "integrity": "sha512-BJiRA8L0L2+84uoG2SSfkp0kclBuN+vQKf217pK7pMlwEO2ZEg3MtO2/o+l8Qpr8Nbejg8tmL1ZHD1jmhiaaqg==",
      "license": "MIT",
      "dependencies": {
        "@babel/runtime": "^7.0.0",
        "ecma-proposal-math-extensions": "0.0.2"
      }
    },
    "node_modules/core-js": {
      "version": "2.6.12",
      "resolved": "https://registry.npmjs.org/core-js/-/core-js-2.6.12.tgz",
      "integrity": "sha512-Kb2wC0fvsWfQrgk8HU5lW6U/Lcs8+9aaYcy4ZFc6DDlo4nZ7n70dEgE5rtR0oG6ufKDUnrwfWL1mXR5ljDatrQ==",
      "deprecated": "core-js@<3.23.3 is no longer maintained and not recommended for usage due to the number of issues. Because of the V8 engine whims, feature detection in old core-js versions could cause a slowdown up to 100x even if nothing is polyfilled. Some versions have web compatibility issues. Please, upgrade your dependencies to the actual version of core-js.",
      "hasInstallScript": true,
      "license": "MIT"
    },
    "node_modules/ecma-proposal-math-extensions": {
      "version": "0.0.2",
      "resolved": "https://registry.npmjs.org/ecma-proposal-math-extensions/-/ecma-proposal-math-extensions-0.0.2.tgz",
      "integrity": "sha512-80BnDp2Fn7RxXlEr5HHZblniY4aQ97MOAicdWWpSo0vkQiISSE9wLR4SqxKsu4gCtXFBIPPzy8JMhay4NWRg/Q==",
      "license": "MIT"
    },
    "node_modules/fsevents": {
      "version": "2.3.2",
      "resolved": "https://registry.npmjs.org/fsevents/-/fsevents-2.3.2.tgz",
      "integrity": "sha512-xiqMQR4xAeHTuB9uWm+fFRcIOgKBMiOBP+eXiyT7jsgVCq1bkVygt00oASowB7EdtpOHaaPgKt812P9ab+DDKA==",
      "dev": true,
      "hasInstallScript": true,
      "license": "MIT",
      "optional": true,
      "os": [
        "darwin"
      ],
      "engines": {
        "node": "^8.16.0 || ^10.6.0 || >=11.0.0"
      }
    },
    "node_modules/hlslparser-js": {
      "version": "0.1.1",
      "resolved": "https://registry.npmjs.org/hlslparser-js/-/hlslparser-js-0.1.1.tgz",
      "integrity": "sha512-qYYeohfKhrltaaIEkGHaKl28DVQn5NPO+g+EbhlEOemSp3fH3LLhTpczqqdH2WnY1qB7YmT0l4JS//TkPtQY6Q==",
      "license": "MIT",
      "dependencies": {
        "babel-runtime": "^6.26.0"
      }
    },
    "node_modules/lodash": {
      "version": "4.18.1",
      "resolved": "https://registry.npmjs.org/lodash/-/lodash-4.18.1.tgz",
      "integrity": "sha512-dMInicTPVE8d1e5otfwmmjlxkZoUpiVLwyeTdUsi/Caj/gfzzblBcCE5sRHV/AsjuCmxWrte2TNGSYuCeCq+0Q==",
      "license": "MIT"
    },
    "node_modules/milkdrop-eel-parser": {
      "version": "0.0.1",
      "resolved": "https://registry.npmjs.org/milkdrop-eel-parser/-/milkdrop-eel-parser-0.0.1.tgz",
      "integrity": "sha512-HbGoa/b7flHDFQmBAYKShIHhB24kvMOzRxAU9DR3KMU7M9tv9TyKN8rEu1cPKdXrLNRl0ybtuddayMLHSrbpkw==",
      "license": "MIT"
    },
    "node_modules/milkdrop-preset-converter": {
      "version": "0.1.2",
      "resolved": "https://registry.npmjs.org/milkdrop-preset-converter/-/milkdrop-preset-converter-0.1.2.tgz",
      "integrity": "sha512-LlW9KFFXEWulxkVEnjATkggLPirE5qzmohii+r3j9lxodBdZXulSZWdk61rZ9xCVA4ZCsq4L0OOSuqEjIdq5hQ==",
      "license": "MIT",
      "dependencies": {
        "babel-runtime": "^6.26.0",
        "hlslparser-js": "^0.1.1",
        "lodash": "^4.17.4",
        "milkdrop-eel-parser": "^0.0.1",
        "milkdrop-preset-utils": "^0.1.0"
      }
    },
    "node_modules/milkdrop-preset-converter/node_modules/milkdrop-preset-utils": {
      "version": "0.1.0",
      "resolved": "https://registry.npmjs.org/milkdrop-preset-utils/-/milkdrop-preset-utils-0.1.0.tgz",
      "integrity": "sha512-yK5y03SN8INC+ssLLYGGsaAHgNxXEUK6PQVV44rg9OAA27F2aPM0tA5uGsDdASH9sgPaAaRVMV5NoEvEkh66Sw==",
      "license": "MIT",
      "dependencies": {
        "babel-runtime": "^6.26.0",
        "lodash": "^4.17.4"
      }
    },
    "node_modules/milkdrop-preset-utils": {
      "version": "0.2.1",
      "resolved": "https://registry.npmjs.org/milkdrop-preset-utils/-/milkdrop-preset-utils-0.2.1.tgz",
      "integrity": "sha512-43HeZ5iQ5EsSh1P4sHCi+MYAshOmlnpKvGRW66g6Sa2XEpAoHWyX9qyrLs/OVSZCtQy+vQ86S0S57b243VTByw==",
      "license": "MIT",
      "dependencies": {
        "@babel/runtime": "^7.12.5",
        "lodash": "^4.17.20"
      }
    },
    "node_modules/playwright": {
      "version": "1.60.0",
      "resolved": "https://registry.npmjs.org/playwright/-/playwright-1.60.0.tgz",
      "integrity": "sha512-hheHdokM8cdqCb0lcE3s+zT4t4W+vvjpGxsZlDnikarzx8tSzMebh3UiFtgqwFwnTnjYQcsyMF8ei2mCO/tpeA==",
      "dev": true,
      "license": "Apache-2.0",
      "dependencies": {
        "playwright-core": "1.60.0"
      },
      "bin": {
        "playwright": "cli.js"
      },
      "engines": {
        "node": ">=18"
      },
      "optionalDependencies": {
        "fsevents": "2.3.2"
      }
    },
    "node_modules/playwright-core": {
      "version": "1.60.0",
      "resolved": "https://registry.npmjs.org/playwright-core/-/playwright-core-1.60.0.tgz",
      "integrity": "sha512-9bW6zvX/m0lEbgTKJ6YppOKx8H3VOPBMOCFh2irXFOT4BbHgrx5hPjwJYLT40Lu+4qtD36qKc/Hn56StUW57IA==",
      "dev": true,
      "license": "Apache-2.0",
      "bin": {
        "playwright-core": "cli.js"
      },
      "engines": {
        "node": ">=18"
      }
    },
    "node_modules/regenerator-runtime": {
      "version": "0.11.1",
      "resolved": "https://registry.npmjs.org/regenerator-runtime/-/regenerator-runtime-0.11.1.tgz",
      "integrity": "sha512-MguG95oij0fC3QV3URf4V2SDYGJhJnJGqvIIgdECeODCT98wSWDAJ94SSuVpYQUoTcGUIL6L4yNB7j1DFFHSBg==",
      "license": "MIT"
    }
  }
}
